# This file is automatically @generated by Veryl.
# It is not intended for manual editing.
version = 1

[[projects]]
name = "memutils"
dependencies = []

[projects.source]
uuid = "a1e145cc-cec6-5afd-9c4e-e33190678206"
url = "https://github.com/jbeaurivage/memutils-veryl.git"
path = ""
project = "memutils"
version = "0.3.0"
revision = "4b7e2c0cbe8b236c8f608c41f5a239c85ee0c9af"

[[projects]]
name = "uarty"
source = "../uarty"
dependencies = []
